
Microsoft Visual Studio Solution File, Format Version 12.00
# Visual Studio Version 16
VisualStudioVersion = 16.0.31205.134
MinimumVisualStudioVersion = 10.0.40219.1
Project("{FAE04EC0-301F-11D3-BF4B-00C04F79EFBC}") = "studyproject5", "studyproject5\studyproject5.csproj", "{BEA4CBC1-2CFC-447D-AD33-8CA28163930B}"
EndProject
Global
	GlobalSection(SolutionConfigurationPlatforms) = preSolution
		Debug|Any CPU = Debug|Any CPU
		Release|Any CPU = Release|Any CPU
	EndGlobalSection
	GlobalSection(ProjectConfigurationPlatforms) = postSolution
		{BEA4CBC1-2CFC-447D-AD33-8CA28163930B}.Debug|Any CPU.ActiveCfg = Debug|Any CPU
		{BEA4CBC1-2CFC-447D-AD33-8CA28163930B}.Debug|Any CPU.Build.0 = Debug|Any CPU
		{BEA4CBC1-2CFC-447D-AD33-8CA28163930B}.Release|Any CPU.ActiveCfg = Release|Any CPU
		{BEA4CBC1-2CFC-447D-AD33-8CA28163930B}.Release|Any CPU.Build.0 = Release|Any CPU
	EndGlobalSection
	GlobalSection(SolutionProperties) = preSolution
		HideSolutionNode = FALSE
	EndGlobalSection
	GlobalSection(ExtensibilityGlobals) = postSolution
		SolutionGuid = {3BA50CFA-001A-44B8-B8D7-E41CC49442A5}
	EndGlobalSection
EndGlobal
